
Microsoft Visual Studio Solution File, Format Version 12.00
# Visual Studio Version 16
VisualStudioVersion = 16.0.32002.261
MinimumVisualStudioVersion = 10.0.40219.1
Project("{FAE04EC0-301F-11D3-BF4B-00C04F79EFBC}") = "Bacola-MVC(Updated)", "Bacola-MVC(Updated)\Bacola-MVC(Updated).csproj", "{2E5B7E6A-3142-4662-852D-CDBA30AD5661}"
EndProject
Global
	GlobalSection(SolutionConfigurationPlatforms) = preSolution
		Debug|Any CPU = Debug|Any CPU
		Release|Any CPU = Release|Any CPU
	EndGlobalSection
	GlobalSection(ProjectConfigurationPlatforms) = postSolution
		{2E5B7E6A-3142-4662-852D-CDBA30AD5661}.Debug|Any CPU.ActiveCfg = Debug|Any CPU
		{2E5B7E6A-3142-4662-852D-CDBA30AD5661}.Debug|Any CPU.Build.0 = Debug|Any CPU
		{2E5B7E6A-3142-4662-852D-CDBA30AD5661}.Release|Any CPU.ActiveCfg = Release|Any CPU
		{2E5B7E6A-3142-4662-852D-CDBA30AD5661}.Release|Any CPU.Build.0 = Release|Any CPU
	EndGlobalSection
	GlobalSection(SolutionProperties) = preSolution
		HideSolutionNode = FALSE
	EndGlobalSection
	GlobalSection(ExtensibilityGlobals) = postSolution
		SolutionGuid = {4B0624B8-8EA3-4DE8-895D-727584DD35A3}
	EndGlobalSection
EndGlobal
